// !$*UTF8*$!
{
	archiveVersion = 1;
	classes = {
	};
	objectVersion = 55;
	objects = {

/* Begin PBXBuildFile section */
		6000E66A2B0697EB001ACF2C /* Alamofire in Frameworks */ = {isa = PBXBuildFile; productRef = 6000E6692B0697EB001ACF2C /* Alamofire */; };
		6000E66D2B069821001ACF2C /* SDWebImage in Frameworks */ = {isa = PBXBuildFile; productRef = 6000E66C2B069821001ACF2C /* SDWebImage */; };
		6000E66F2B069821001ACF2C /* SDWebImageMapKit in Frameworks */ = {isa = PBXBuildFile; productRef = 6000E66E2B069821001ACF2C /* SDWebImageMapKit */; };
		6000E6722B069839001ACF2C /* SnapKit in Frameworks */ = {isa = PBXBuildFile; productRef = 6000E6712B069839001ACF2C /* SnapKit */; };
		603FCC602B095A14002C6BA9 /* TabController.swift in Sources */ = {isa = PBXBuildFile; fileRef = 603FCC5F2B095A14002C6BA9 /* TabController.swift */; };
		D83E1C432B06923600B9955F /* AppDelegate.swift in Sources */ = {isa = PBXBuildFile; fileRef = D83E1C422B06923600B9955F /* AppDelegate.swift */; };
		D83E1C452B06923600B9955F /* SceneDelegate.swift in Sources */ = {isa = PBXBuildFile; fileRef = D83E1C442B06923600B9955F /* SceneDelegate.swift */; };
		D83E1C4C2B06923800B9955F /* Assets.xcassets in Resources */ = {isa = PBXBuildFile; fileRef = D83E1C4B2B06923800B9955F /* Assets.xcassets */; };
		D83E1C5A2B06940800B9955F /* Club.swift in Sources */ = {isa = PBXBuildFile; fileRef = D83E1C592B06940800B9955F /* Club.swift */; };
		D83E1C5C2B06941200B9955F /* Category.swift in Sources */ = {isa = PBXBuildFile; fileRef = D83E1C5B2B06941200B9955F /* Category.swift */; };
		D83E1C5E2B06941A00B9955F /* Data.swift in Sources */ = {isa = PBXBuildFile; fileRef = D83E1C5D2B06941A00B9955F /* Data.swift */; };
		D83E1C602B06949500B9955F /* ClubCollectionViewCell.swift in Sources */ = {isa = PBXBuildFile; fileRef = D83E1C5F2B06949500B9955F /* ClubCollectionViewCell.swift */; };
		D83E1C622B0694E600B9955F /* FilterCollectionViewCell.swift in Sources */ = {isa = PBXBuildFile; fileRef = D83E1C612B0694E600B9955F /* FilterCollectionViewCell.swift */; };
		D83E1C652B06951D00B9955F /* NetworkManager.swift in Sources */ = {isa = PBXBuildFile; fileRef = D83E1C642B06951D00B9955F /* NetworkManager.swift */; };
		D83E1C672B06956700B9955F /* FeedVC.swift in Sources */ = {isa = PBXBuildFile; fileRef = D83E1C662B06956700B9955F /* FeedVC.swift */; };
		D83E1C6F2B069FE400B9955F /* Filters.swift in Sources */ = {isa = PBXBuildFile; fileRef = D83E1C6E2B069FE400B9955F /* Filters.swift */; };
		D83E1C722B07157100B9955F /* UIColor+Extension.swift in Sources */ = {isa = PBXBuildFile; fileRef = D83E1C712B07157100B9955F /* UIColor+Extension.swift */; };
		D83E1C742B07227000B9955F /* DetailedVC.swift in Sources */ = {isa = PBXBuildFile; fileRef = D83E1C732B07227000B9955F /* DetailedVC.swift */; };
		D83E1C762B07228B00B9955F /* ProfileVC.swift in Sources */ = {isa = PBXBuildFile; fileRef = D83E1C752B07228B00B9955F /* ProfileVC.swift */; };
		D83E1C782B07229E00B9955F /* PostAppVC.swift in Sources */ = {isa = PBXBuildFile; fileRef = D83E1C772B07229E00B9955F /* PostAppVC.swift */; };
		D8588C002B154584007B2BFE /* LaunchScreen.storyboard in Resources */ = {isa = PBXBuildFile; fileRef = D8588BFF2B154584007B2BFE /* LaunchScreen.storyboard */; };
/* End PBXBuildFile section */

/* Begin PBXFileReference section */
		603FCC5F2B095A14002C6BA9 /* TabController.swift */ = {isa = PBXFileReference; lastKnownFileType = sourcecode.swift; path = TabController.swift; sourceTree = "<group>"; };
		6045BF652B0DA0CD00A9C3AB /* Oswald-Regular.ttf */ = {isa = PBXFileReference; lastKnownFileType = file; path = "Oswald-Regular.ttf"; sourceTree = "<group>"; };
		D83E1C3F2B06923500B9955F /* HackChallenge2023.app */ = {isa = PBXFileReference; explicitFileType = wrapper.application; includeInIndex = 0; path = HackChallenge2023.app; sourceTree = BUILT_PRODUCTS_DIR; };
		D83E1C422B06923600B9955F /* AppDelegate.swift */ = {isa = PBXFileReference; lastKnownFileType = sourcecode.swift; path = AppDelegate.swift; sourceTree = "<group>"; };
		D83E1C442B06923600B9955F /* SceneDelegate.swift */ = {isa = PBXFileReference; lastKnownFileType = sourcecode.swift; path = SceneDelegate.swift; sourceTree = "<group>"; };
		D83E1C4B2B06923800B9955F /* Assets.xcassets */ = {isa = PBXFileReference; lastKnownFileType = folder.assetcatalog; path = Assets.xcassets; sourceTree = "<group>"; };
		D83E1C502B06923800B9955F /* Info.plist */ = {isa = PBXFileReference; lastKnownFileType = text.plist.xml; path = Info.plist; sourceTree = "<group>"; };
		D83E1C592B06940800B9955F /* Club.swift */ = {isa = PBXFileReference; lastKnownFileType = sourcecode.swift; path = Club.swift; sourceTree = "<group>"; };
		D83E1C5B2B06941200B9955F /* Category.swift */ = {isa = PBXFileReference; lastKnownFileType = sourcecode.swift; path = Category.swift; sourceTree = "<group>"; };
		D83E1C5D2B06941A00B9955F /* Data.swift */ = {isa = PBXFileReference; lastKnownFileType = sourcecode.swift; path = Data.swift; sourceTree = "<group>"; };
		D83E1C5F2B06949500B9955F /* ClubCollectionViewCell.swift */ = {isa = PBXFileReference; lastKnownFileType = sourcecode.swift; path = ClubCollectionViewCell.swift; sourceTree = "<group>"; };
		D83E1C612B0694E600B9955F /* FilterCollectionViewCell.swift */ = {isa = PBXFileReference; lastKnownFileType = sourcecode.swift; path = FilterCollectionViewCell.swift; sourceTree = "<group>"; };
		D83E1C642B06951D00B9955F /* NetworkManager.swift */ = {isa = PBXFileReference; lastKnownFileType = sourcecode.swift; path = NetworkManager.swift; sourceTree = "<group>"; };
		D83E1C662B06956700B9955F /* FeedVC.swift */ = {isa = PBXFileReference; lastKnownFileType = sourcecode.swift; path = FeedVC.swift; sourceTree = "<group>"; };
		D83E1C6E2B069FE400B9955F /* Filters.swift */ = {isa = PBXFileReference; lastKnownFileType = sourcecode.swift; path = Filters.swift; sourceTree = "<group>"; };
		D83E1C712B07157100B9955F /* UIColor+Extension.swift */ = {isa = PBXFileReference; lastKnownFileType = sourcecode.swift; path = "UIColor+Extension.swift"; sourceTree = "<group>"; };
		D83E1C732B07227000B9955F /* DetailedVC.swift */ = {isa = PBXFileReference; lastKnownFileType = sourcecode.swift; path = DetailedVC.swift; sourceTree = "<group>"; };
		D83E1C752B07228B00B9955F /* ProfileVC.swift */ = {isa = PBXFileReference; lastKnownFileType = sourcecode.swift; path = ProfileVC.swift; sourceTree = "<group>"; };
		D83E1C772B07229E00B9955F /* PostAppVC.swift */ = {isa = PBXFileReference; lastKnownFileType = sourcecode.swift; path = PostAppVC.swift; sourceTree = "<group>"; };
		D8588BFF2B154584007B2BFE /* LaunchScreen.storyboard */ = {isa = PBXFileReference; lastKnownFileType = file.storyboard; path = LaunchScreen.storyboard; sourceTree = "<group>"; };
/* End PBXFileReference section */

/* Begin PBXFrameworksBuildPhase section */
		D83E1C3C2B06923500B9955F /* Frameworks */ = {
			isa = PBXFrameworksBuildPhase;
			buildActionMask = 2147483647;
			files = (
				6000E66D2B069821001ACF2C /* SDWebImage in Frameworks */,
				6000E6722B069839001ACF2C /* SnapKit in Frameworks */,
				6000E66F2B069821001ACF2C /* SDWebImageMapKit in Frameworks */,
				6000E66A2B0697EB001ACF2C /* Alamofire in Frameworks */,
			);
			runOnlyForDeploymentPostprocessing = 0;
		};
/* End PBXFrameworksBuildPhase section */

/* Begin PBXGroup section */
		6045BF602B0DA03C00A9C3AB /* Fonts */ = {
			isa = PBXGroup;
			children = (
				6045BF652B0DA0CD00A9C3AB /* Oswald-Regular.ttf */,
			);
			path = Fonts;
			sourceTree = "<group>";
		};
		D83E1C362B06923500B9955F = {
			isa = PBXGroup;
			children = (
				D83E1C412B06923500B9955F /* HackChallenge2023 */,
				D83E1C402B06923500B9955F /* Products */,
			);
			sourceTree = "<group>";
		};
		D83E1C402B06923500B9955F /* Products */ = {
			isa = PBXGroup;
			children = (
				D83E1C3F2B06923500B9955F /* HackChallenge2023.app */,
			);
			name = Products;
			sourceTree = "<group>";
		};
		D83E1C412B06923500B9955F /* HackChallenge2023 */ = {
			isa = PBXGroup;
			children = (
				D83E1C702B07155E00B9955F /* Extensions */,
				D83E1C632B06950F00B9955F /* Networking */,
				D83E1C582B0693AD00B9955F /* Controllers */,
				D83E1C572B06938F00B9955F /* Views */,
				D83E1C562B06935E00B9955F /* Models */,
				D83E1C422B06923600B9955F /* AppDelegate.swift */,
				D83E1C442B06923600B9955F /* SceneDelegate.swift */,
				D83E1C4B2B06923800B9955F /* Assets.xcassets */,
				D83E1C502B06923800B9955F /* Info.plist */,
				6045BF602B0DA03C00A9C3AB /* Fonts */,
				D8588BFF2B154584007B2BFE /* LaunchScreen.storyboard */,
			);
			path = HackChallenge2023;
			sourceTree = "<group>";
		};
		D83E1C562B06935E00B9955F /* Models */ = {
			isa = PBXGroup;
			children = (
				D83E1C592B06940800B9955F /* Club.swift */,
				D83E1C5B2B06941200B9955F /* Category.swift */,
				D83E1C5D2B06941A00B9955F /* Data.swift */,
				D83E1C6E2B069FE400B9955F /* Filters.swift */,
			);
			path = Models;
			sourceTree = "<group>";
		};
		D83E1C572B06938F00B9955F /* Views */ = {
			isa = PBXGroup;
			children = (
				D83E1C5F2B06949500B9955F /* ClubCollectionViewCell.swift */,
				D83E1C612B0694E600B9955F /* FilterCollectionViewCell.swift */,
			);
			path = Views;
			sourceTree = "<group>";
		};
		D83E1C582B0693AD00B9955F /* Controllers */ = {
			isa = PBXGroup;
			children = (
				D83E1C662B06956700B9955F /* FeedVC.swift */,
				D83E1C732B07227000B9955F /* DetailedVC.swift */,
				D83E1C752B07228B00B9955F /* ProfileVC.swift */,
				D83E1C772B07229E00B9955F /* PostAppVC.swift */,
				603FCC5F2B095A14002C6BA9 /* TabController.swift */,
			);
			path = Controllers;
			sourceTree = "<group>";
		};
		D83E1C632B06950F00B9955F /* Networking */ = {
			isa = PBXGroup;
			children = (
				D83E1C642B06951D00B9955F /* NetworkManager.swift */,
			);
			path = Networking;
			sourceTree = "<group>";
		};
		D83E1C702B07155E00B9955F /* Extensions */ = {
			isa = PBXGroup;
			children = (
				D83E1C712B07157100B9955F /* UIColor+Extension.swift */,
			);
			path = Extensions;
			sourceTree = "<group>";
		};
/* End PBXGroup section */

/* Begin PBXNativeTarget section */
		D83E1C3E2B06923500B9955F /* HackChallenge2023 */ = {
			isa = PBXNativeTarget;
			buildConfigurationList = D83E1C532B06923800B9955F /* Build configuration list for PBXNativeTarget "HackChallenge2023" */;
			buildPhases = (
				D83E1C3B2B06923500B9955F /* Sources */,
				D83E1C3C2B06923500B9955F /* Frameworks */,
				D83E1C3D2B06923500B9955F /* Resources */,
			);
			buildRules = (
			);
			dependencies = (
			);
			name = HackChallenge2023;
			packageProductDependencies = (
				6000E6692B0697EB001ACF2C /* Alamofire */,
				6000E66C2B069821001ACF2C /* SDWebImage */,
				6000E66E2B069821001ACF2C /* SDWebImageMapKit */,
				6000E6712B069839001ACF2C /* SnapKit */,
			);
			productName = HackChallenge2023;
			productReference = D83E1C3F2B06923500B9955F /* HackChallenge2023.app */;
			productType = "com.apple.product-type.application";
		};
/* End PBXNativeTarget section */

/* Begin PBXProject section */
		D83E1C372B06923500B9955F /* Project object */ = {
			isa = PBXProject;
			attributes = {
				BuildIndependentTargetsInParallel = 1;
				LastSwiftUpdateCheck = 1340;
				LastUpgradeCheck = 1340;
				TargetAttributes = {
					D83E1C3E2B06923500B9955F = {
						CreatedOnToolsVersion = 13.4.1;
					};
				};
			};
			buildConfigurationList = D83E1C3A2B06923500B9955F /* Build configuration list for PBXProject "HackChallenge2023" */;
			compatibilityVersion = "Xcode 13.0";
			developmentRegion = en;
			hasScannedForEncodings = 0;
			knownRegions = (
				en,
				Base,
			);
			mainGroup = D83E1C362B06923500B9955F;
			packageReferences = (
				6000E6682B0697EB001ACF2C /* XCRemoteSwiftPackageReference "Alamofire" */,
				6000E66B2B069821001ACF2C /* XCRemoteSwiftPackageReference "SDWebImage" */,
				6000E6702B069839001ACF2C /* XCRemoteSwiftPackageReference "SnapKit" */,
			);
			productRefGroup = D83E1C402B06923500B9955F /* Products */;
			projectDirPath = "";
			projectRoot = "";
			targets = (
				D83E1C3E2B06923500B9955F /* HackChallenge2023 */,
			);
		};
/* End PBXProject section */

/* Begin PBXResourcesBuildPhase section */
		D83E1C3D2B06923500B9955F /* Resources */ = {
			isa = PBXResourcesBuildPhase;
			buildActionMask = 2147483647;
			files = (
				D83E1C4C2B06923800B9955F /* Assets.xcassets in Resources */,
				D8588C002B154584007B2BFE /* LaunchScreen.storyboard in Resources */,
			);
			runOnlyForDeploymentPostprocessing = 0;
		};
/* End PBXResourcesBuildPhase section */

/* Begin PBXSourcesBuildPhase section */
		D83E1C3B2B06923500B9955F /* Sources */ = {
			isa = PBXSourcesBuildPhase;
			buildActionMask = 2147483647;
			files = (
				D83E1C652B06951D00B9955F /* NetworkManager.swift in Sources */,
				D83E1C672B06956700B9955F /* FeedVC.swift in Sources */,
				D83E1C782B07229E00B9955F /* PostAppVC.swift in Sources */,
				D83E1C602B06949500B9955F /* ClubCollectionViewCell.swift in Sources */,
				D83E1C722B07157100B9955F /* UIColor+Extension.swift in Sources */,
				D83E1C5E2B06941A00B9955F /* Data.swift in Sources */,
				D83E1C6F2B069FE400B9955F /* Filters.swift in Sources */,
				D83E1C5C2B06941200B9955F /* Category.swift in Sources */,
				D83E1C432B06923600B9955F /* AppDelegate.swift in Sources */,
				D83E1C762B07228B00B9955F /* ProfileVC.swift in Sources */,
				603FCC602B095A14002C6BA9 /* TabController.swift in Sources */,
				D83E1C742B07227000B9955F /* DetailedVC.swift in Sources */,
				D83E1C452B06923600B9955F /* SceneDelegate.swift in Sources */,
				D83E1C622B0694E600B9955F /* FilterCollectionViewCell.swift in Sources */,
				D83E1C5A2B06940800B9955F /* Club.swift in Sources */,
			);
			runOnlyForDeploymentPostprocessing = 0;
		};
/* End PBXSourcesBuildPhase section */

/* Begin XCBuildConfiguration section */
		D83E1C512B06923800B9955F /* Debug */ = {
			isa = XCBuildConfiguration;
			buildSettings = {
				ALWAYS_SEARCH_USER_PATHS = NO;
				CLANG_ANALYZER_NONNULL = YES;
				CLANG_ANALYZER_NUMBER_OBJECT_CONVERSION = YES_AGGRESSIVE;
				CLANG_CXX_LANGUAGE_STANDARD = "gnu++17";
				CLANG_ENABLE_MODULES = YES;
				CLANG_ENABLE_OBJC_ARC = YES;
				CLANG_ENABLE_OBJC_WEAK = YES;
				CLANG_WARN_BLOCK_CAPTURE_AUTORELEASING = YES;
				CLANG_WARN_BOOL_CONVERSION = YES;
				CLANG_WARN_COMMA = YES;
				CLANG_WARN_CONSTANT_CONVERSION = YES;
				CLANG_WARN_DEPRECATED_OBJC_IMPLEMENTATIONS = YES;
				CLANG_WARN_DIRECT_OBJC_ISA_USAGE = YES_ERROR;
				CLANG_WARN_DOCUMENTATION_COMMENTS = YES;
				CLANG_WARN_EMPTY_BODY = YES;
				CLANG_WARN_ENUM_CONVERSION = YES;
				CLANG_WARN_INFINITE_RECURSION = YES;
				CLANG_WARN_INT_CONVERSION = YES;
				CLANG_WARN_NON_LITERAL_NULL_CONVERSION = YES;
				CLANG_WARN_OBJC_IMPLICIT_RETAIN_SELF = YES;
				CLANG_WARN_OBJC_LITERAL_CONVERSION = YES;
				CLANG_WARN_OBJC_ROOT_CLASS = YES_ERROR;
				CLANG_WARN_QUOTED_INCLUDE_IN_FRAMEWORK_HEADER = YES;
				CLANG_WARN_RANGE_LOOP_ANALYSIS = YES;
				CLANG_WARN_STRICT_PROTOTYPES = YES;
				CLANG_WARN_SUSPICIOUS_MOVE = YES;
				CLANG_WARN_UNGUARDED_AVAILABILITY = YES_AGGRESSIVE;
				CLANG_WARN_UNREACHABLE_CODE = YES;
				CLANG_WARN__DUPLICATE_METHOD_MATCH = YES;
				COPY_PHASE_STRIP = NO;
				DEBUG_INFORMATION_FORMAT = dwarf;
				ENABLE_STRICT_OBJC_MSGSEND = YES;
				ENABLE_TESTABILITY = YES;
				GCC_C_LANGUAGE_STANDARD = gnu11;
				GCC_DYNAMIC_NO_PIC = NO;
				GCC_NO_COMMON_BLOCKS = YES;
				GCC_OPTIMIZATION_LEVEL = 0;
				GCC_PREPROCESSOR_DEFINITIONS = (
					"DEBUG=1",
					"$(inherited)",
				);
				GCC_WARN_64_TO_32_BIT_CONVERSION = YES;
				GCC_WARN_ABOUT_RETURN_TYPE = YES_ERROR;
				GCC_WARN_UNDECLARED_SELECTOR = YES;
				GCC_WARN_UNINITIALIZED_AUTOS = YES_AGGRESSIVE;
				GCC_WARN_UNUSED_FUNCTION = YES;
				GCC_WARN_UNUSED_VARIABLE = YES;
				IPHONEOS_DEPLOYMENT_TARGET = 14.0;
				MTL_ENABLE_DEBUG_INFO = INCLUDE_SOURCE;
				MTL_FAST_MATH = YES;
				ONLY_ACTIVE_ARCH = YES;
				SDKROOT = iphoneos;
				SWIFT_ACTIVE_COMPILATION_CONDITIONS = DEBUG;
				SWIFT_OPTIMIZATION_LEVEL = "-Onone";
			};
			name = Debug;
		};
		D83E1C522B06923800B9955F /* Release */ = {
			isa = XCBuildConfiguration;
			buildSettings = {
				ALWAYS_SEARCH_USER_PATHS = NO;
				CLANG_ANALYZER_NONNULL = YES;
				CLANG_ANALYZER_NUMBER_OBJECT_CONVERSION = YES_AGGRESSIVE;
				CLANG_CXX_LANGUAGE_STANDARD = "gnu++17";
				CLANG_ENABLE_MODULES = YES;
				CLANG_ENABLE_OBJC_ARC = YES;
				CLANG_ENABLE_OBJC_WEAK = YES;
				CLANG_WARN_BLOCK_CAPTURE_AUTORELEASING = YES;
				CLANG_WARN_BOOL_CONVERSION = YES;
				CLANG_WARN_COMMA = YES;
				CLANG_WARN_CONSTANT_CONVERSION = YES;
				CLANG_WARN_DEPRECATED_OBJC_IMPLEMENTATIONS = YES;
				CLANG_WARN_DIRECT_OBJC_ISA_USAGE = YES_ERROR;
				CLANG_WARN_DOCUMENTATION_COMMENTS = YES;
				CLANG_WARN_EMPTY_BODY = YES;
				CLANG_WARN_ENUM_CONVERSION = YES;
				CLANG_WARN_INFINITE_RECURSION = YES;
				CLANG_WARN_INT_CONVERSION = YES;
				CLANG_WARN_NON_LITERAL_NULL_CONVERSION = YES;
				CLANG_WARN_OBJC_IMPLICIT_RETAIN_SELF = YES;
				CLANG_WARN_OBJC_LITERAL_CONVERSION = YES;
				CLANG_WARN_OBJC_ROOT_CLASS = YES_ERROR;
				CLANG_WARN_QUOTED_INCLUDE_IN_FRAMEWORK_HEADER = YES;
				CLANG_WARN_RANGE_LOOP_ANALYSIS = YES;
				CLANG_WARN_STRICT_PROTOTYPES = YES;
				CLANG_WARN_SUSPICIOUS_MOVE = YES;
				CLANG_WARN_UNGUARDED_AVAILABILITY = YES_AGGRESSIVE;
				CLANG_WARN_UNREACHABLE_CODE = YES;
				CLANG_WARN__DUPLICATE_METHOD_MATCH = YES;
				COPY_PHASE_STRIP = NO;
				DEBUG_INFORMATION_FORMAT = "dwarf-with-dsym";
				ENABLE_NS_ASSERTIONS = NO;
				ENABLE_STRICT_OBJC_MSGSEND = YES;
				GCC_C_LANGUAGE_STANDARD = gnu11;
				GCC_NO_COMMON_BLOCKS = YES;
				GCC_WARN_64_TO_32_BIT_CONVERSION = YES;
				GCC_WARN_ABOUT_RETURN_TYPE = YES_ERROR;
				GCC_WARN_UNDECLARED_SELECTOR = YES;
				GCC_WARN_UNINITIALIZED_AUTOS = YES_AGGRESSIVE;
				GCC_WARN_UNUSED_FUNCTION = YES;
				GCC_WARN_UNUSED_VARIABLE = YES;
				IPHONEOS_DEPLOYMENT_TARGET = 14.0;
				MTL_ENABLE_DEBUG_INFO = NO;
				MTL_FAST_MATH = YES;
				SDKROOT = iphoneos;
				SWIFT_COMPILATION_MODE = wholemodule;
				SWIFT_OPTIMIZATION_LEVEL = "-O";
				VALIDATE_PRODUCT = YES;
			};
			name = Release;
		};
		D83E1C542B06923800B9955F /* Debug */ = {
			isa = XCBuildConfiguration;
			buildSettings = {
				ASSETCATALOG_COMPILER_APPICON_NAME = AppIcon;
				ASSETCATALOG_COMPILER_GLOBAL_ACCENT_COLOR_NAME = AccentColor;
				CODE_SIGN_STYLE = Automatic;
				CURRENT_PROJECT_VERSION = 1;
				DEVELOPMENT_TEAM = YLRVJFG2A8;
				GENERATE_INFOPLIST_FILE = YES;
				INFOPLIST_FILE = HackChallenge2023/Info.plist;
				INFOPLIST_KEY_LSApplicationCategoryType = "";
				INFOPLIST_KEY_UIApplicationSupportsIndirectInputEvents = YES;
				INFOPLIST_KEY_UILaunchStoryboardName = LaunchScreen;
				INFOPLIST_KEY_UISupportedInterfaceOrientations_iPad = "UIInterfaceOrientationPortrait UIInterfaceOrientationPortraitUpsideDown UIInterfaceOrientationLandscapeLeft UIInterfaceOrientationLandscapeRight";
				INFOPLIST_KEY_UISupportedInterfaceOrientations_iPhone = "UIInterfaceOrientationPortrait UIInterfaceOrientationLandscapeLeft UIInterfaceOrientationLandscapeRight";
				IPHONEOS_DEPLOYMENT_TARGET = 13.0;
				LD_RUNPATH_SEARCH_PATHS = (
					"$(inherited)",
					"@executable_path/Frameworks",
				);
				MARKETING_VERSION = 1.0;
				PRODUCT_BUNDLE_IDENTIFIER = Adelynn.HackChallenge2023;
				PRODUCT_NAME = "$(TARGET_NAME)";
				SWIFT_EMIT_LOC_STRINGS = YES;
				SWIFT_VERSION = 5.0;
				TARGETED_DEVICE_FAMILY = "1,2";
			};
			name = Debug;
		};
		D83E1C552B06923800B9955F /* Release */ = {
			isa = XCBuildConfiguration;
			buildSettings = {
				ASSETCATALOG_COMPILER_APPICON_NAME = AppIcon;
				ASSETCATALOG_COMPILER_GLOBAL_ACCENT_COLOR_NAME = AccentColor;
				CODE_SIGN_STYLE = Automatic;
				CURRENT_PROJECT_VERSION = 1;
				DEVELOPMENT_TEAM = YLRVJFG2A8;
				GENERATE_INFOPLIST_FILE = YES;
				INFOPLIST_FILE = HackChallenge2023/Info.plist;
				INFOPLIST_KEY_LSApplicationCategoryType = "";
				INFOPLIST_KEY_UIApplicationSupportsIndirectInputEvents = YES;
				INFOPLIST_KEY_UILaunchStoryboardName = LaunchScreen;
				INFOPLIST_KEY_UISupportedInterfaceOrientations_iPad = "UIInterfaceOrientationPortrait UIInterfaceOrientationPortraitUpsideDown UIInterfaceOrientationLandscapeLeft UIInterfaceOrientationLandscapeRight";
				INFOPLIST_KEY_UISupportedInterfaceOrientations_iPhone = "UIInterfaceOrientationPortrait UIInterfaceOrientationLandscapeLeft UIInterfaceOrientationLandscapeRight";
				IPHONEOS_DEPLOYMENT_TARGET = 13.0;
				LD_RUNPATH_SEARCH_PATHS = (
					"$(inherited)",
					"@executable_path/Frameworks",
				);
				MARKETING_VERSION = 1.0;
				PRODUCT_BUNDLE_IDENTIFIER = Adelynn.HackChallenge2023;
				PRODUCT_NAME = "$(TARGET_NAME)";
				SWIFT_EMIT_LOC_STRINGS = YES;
				SWIFT_VERSION = 5.0;
				TARGETED_DEVICE_FAMILY = "1,2";
			};
			name = Release;
		};
/* End XCBuildConfiguration section */

/* Begin XCConfigurationList section */
		D83E1C3A2B06923500B9955F /* Build configuration list for PBXProject "HackChallenge2023" */ = {
			isa = XCConfigurationList;
			buildConfigurations = (
				D83E1C512B06923800B9955F /* Debug */,
				D83E1C522B06923800B9955F /* Release */,
			);
			defaultConfigurationIsVisible = 0;
			defaultConfigurationName = Release;
		};
		D83E1C532B06923800B9955F /* Build configuration list for PBXNativeTarget "HackChallenge2023" */ = {
			isa = XCConfigurationList;
			buildConfigurations = (
				D83E1C542B06923800B9955F /* Debug */,
				D83E1C552B06923800B9955F /* Release */,
			);
			defaultConfigurationIsVisible = 0;
			defaultConfigurationName = Release;
		};
/* End XCConfigurationList section */

/* Begin XCRemoteSwiftPackageReference section */
		6000E6682B0697EB001ACF2C /* XCRemoteSwiftPackageReference "Alamofire" */ = {
			isa = XCRemoteSwiftPackageReference;
			repositoryURL = "https://github.com/Alamofire/Alamofire";
			requirement = {
				kind = upToNextMajorVersion;
				minimumVersion = 5.0.0;
			};
		};
		6000E66B2B069821001ACF2C /* XCRemoteSwiftPackageReference "SDWebImage" */ = {
			isa = XCRemoteSwiftPackageReference;
			repositoryURL = "https://github.com/SDWebImage/SDWebImage";
			requirement = {
				kind = upToNextMajorVersion;
				minimumVersion = 5.0.0;
			};
		};
		6000E6702B069839001ACF2C /* XCRemoteSwiftPackageReference "SnapKit" */ = {
			isa = XCRemoteSwiftPackageReference;
			repositoryURL = "https://github.com/SnapKit/SnapKit";
			requirement = {
				kind = upToNextMajorVersion;
				minimumVersion = 5.0.0;
			};
		};
/* End XCRemoteSwiftPackageReference section */

/* Begin XCSwiftPackageProductDependency section */
		6000E6692B0697EB001ACF2C /* Alamofire */ = {
			isa = XCSwiftPackageProductDependency;
			package = 6000E6682B0697EB001ACF2C /* XCRemoteSwiftPackageReference "Alamofire" */;
			productName = Alamofire;
		};
		6000E66C2B069821001ACF2C /* SDWebImage */ = {
			isa = XCSwiftPackageProductDependency;
			package = 6000E66B2B069821001ACF2C /* XCRemoteSwiftPackageReference "SDWebImage" */;
			productName = SDWebImage;
		};
		6000E66E2B069821001ACF2C /* SDWebImageMapKit */ = {
			isa = XCSwiftPackageProductDependency;
			package = 6000E66B2B069821001ACF2C /* XCRemoteSwiftPackageReference "SDWebImage" */;
			productName = SDWebImageMapKit;
		};
		6000E6712B069839001ACF2C /* SnapKit */ = {
			isa = XCSwiftPackageProductDependency;
			package = 6000E6702B069839001ACF2C /* XCRemoteSwiftPackageReference "SnapKit" */;
			productName = SnapKit;
		};
/* End XCSwiftPackageProductDependency section */
	};
	rootObject = D83E1C372B06923500B9955F /* Project object */;
}
